dependencies:
- name: keycloak
  repository: oci://registry-1.docker.io/bitnamicharts
  version: 22.0.0
- name: postgresql
  repository: oci://registry-1.docker.io/bitnamicharts
  version: 16.0.0
- name: jaeger
  repository: https://jaegertracing.github.io/helm-charts
  version: 3.3.3
- name: opentelemetry-collector
  repository: https://open-telemetry.github.io/opentelemetry-helm-charts
  version: 0.110.3
digest: sha256:3f19b3ab66618999059dc55e5c21f4ea9f14197b9510db96214d57fd23900ef0
generated: "2025-01-13T14:52:12.59393319-03:00"
