dependencies:
- name: keycloak
  repository: oci://registry-1.docker.io/bitnamicharts
  version: 24.4.9
- name: postgresql
  repository: oci://registry-1.docker.io/bitnamicharts
  version: 16.4.7
- name: jaeger
  repository: https://jaegertracing.github.io/helm-charts
  version: 3.3.3
- name: prometheus
  repository: https://prometheus-community.github.io/helm-charts
  version: 27.1.0
- name: opentelemetry-collector
  repository: https://open-telemetry.github.io/opentelemetry-helm-charts
  version: 0.126.0
digest: sha256:984a7719e48dfb7a2a285bc6b9d15a635f27bffec0255a0eca4b762682dd4481
generated: "2025-06-06T14:46:06.894674253-03:00"
